<?xml version="1.0" encoding="UTF-8"?>
<Project ToolsVersion="14.0" xmlns="http://schemas.microsoft.com/developer/msbuild/2003">
  <ItemGroup>
    <ClCompile Include="C:\Users\dMe\Documents\Repos\libgraphqlparser\dump_json_ast.cpp">
      <Filter>Source Files</Filter>
    </ClCompile>
  </ItemGroup>
  <ItemGroup>
    <CustomBuild Include="C:\Users\dMe\Documents\Repos\libgraphqlparser\CMakeLists.txt" />
  </ItemGroup>
  <ItemGroup>
    <Filter Include="Source Files">
      <UniqueIdentifier>{9B8FD0A9-6AF3-3834-8F62-BBEFF7BE8699}</UniqueIdentifier>
    </Filter>
  </ItemGroup>
</Project>
