Microsoft Visual Studio Solution File, Format Version 12.00
# Visual Studio 14
VisualStudioVersion = 14.0.25420.1
MinimumVisualStudioVersion = 10.0.40219.1
Project("{8BC9CEB8-8B4A-11D0-8D11-00A0C91BC942}") = "dump_json_ast", "dump_json_ast.vcxproj", "{9EC99FA2-7234-3450-9BD1-FF077FC9FC8C}"
	ProjectSection(ProjectDependencies) = postProject
		{0495E0C5-D044-319E-BD9E-F31DC81E43F5} = {0495E0C5-D044-319E-BD9E-F31DC81E43F5}
	EndProjectSection
EndProject
Project("{8BC9CEB8-8B4A-11D0-8D11-00A0C91BC942}") = "graphqlparser", "graphqlparser.vcxproj", "{0495E0C5-D044-319E-BD9E-F31DC81E43F5}"
EndProject
Global
	GlobalSection(SolutionConfigurationPlatforms) = preSolution
		Debug|Win32 = Debug|Win32
		MinSizeRel|Win32 = MinSizeRel|Win32
		Release|Win32 = Release|Win32
		RelWithDebInfo|Win32 = RelWithDebInfo|Win32
	EndGlobalSection
	GlobalSection(ProjectConfigurationPlatforms) = postSolution
		{9EC99FA2-7234-3450-9BD1-FF077FC9FC8C}.Debug|Win32.ActiveCfg = Debug|Win32
		{9EC99FA2-7234-3450-9BD1-FF077FC9FC8C}.Debug|Win32.Build.0 = Debug|Win32
		{9EC99FA2-7234-3450-9BD1-FF077FC9FC8C}.MinSizeRel|Win32.ActiveCfg = MinSizeRel|Win32
		{9EC99FA2-7234-3450-9BD1-FF077FC9FC8C}.MinSizeRel|Win32.Build.0 = MinSizeRel|Win32
		{9EC99FA2-7234-3450-9BD1-FF077FC9FC8C}.Release|Win32.ActiveCfg = Release|Win32
		{9EC99FA2-7234-3450-9BD1-FF077FC9FC8C}.Release|Win32.Build.0 = Release|Win32
		{9EC99FA2-7234-3450-9BD1-FF077FC9FC8C}.RelWithDebInfo|Win32.ActiveCfg = RelWithDebInfo|Win32
		{9EC99FA2-7234-3450-9BD1-FF077FC9FC8C}.RelWithDebInfo|Win32.Build.0 = RelWithDebInfo|Win32
		{0495E0C5-D044-319E-BD9E-F31DC81E43F5}.Debug|Win32.ActiveCfg = Debug|Win32
		{0495E0C5-D044-319E-BD9E-F31DC81E43F5}.Debug|Win32.Build.0 = Debug|Win32
		{0495E0C5-D044-319E-BD9E-F31DC81E43F5}.MinSizeRel|Win32.ActiveCfg = MinSizeRel|Win32
		{0495E0C5-D044-319E-BD9E-F31DC81E43F5}.MinSizeRel|Win32.Build.0 = MinSizeRel|Win32
		{0495E0C5-D044-319E-BD9E-F31DC81E43F5}.Release|Win32.ActiveCfg = Release|Win32
		{0495E0C5-D044-319E-BD9E-F31DC81E43F5}.Release|Win32.Build.0 = Release|Win32
		{0495E0C5-D044-319E-BD9E-F31DC81E43F5}.RelWithDebInfo|Win32.ActiveCfg = RelWithDebInfo|Win32
		{0495E0C5-D044-319E-BD9E-F31DC81E43F5}.RelWithDebInfo|Win32.Build.0 = RelWithDebInfo|Win32
	EndGlobalSection
	GlobalSection(SolutionProperties) = preSolution
		HideSolutionNode = FALSE
	EndGlobalSection
EndGlobal
